
Microsoft Visual Studio Solution File, Format Version 11.00
# Visual Studio 2010
Project("{FAE04EC0-301F-11D3-BF4B-00C04F79EFBC}") = "joccupiesecontrolrotunde", "joccupiesecontrolrotunde\joccupiesecontrolrotunde.csproj", "{924D044D-3362-40B9-A0CE-B7E9AFF77C98}"
EndProject
Global
	GlobalSection(SolutionConfigurationPlatforms) = preSolution
		Debug|x86 = Debug|x86
		Release|x86 = Release|x86
	EndGlobalSection
	GlobalSection(ProjectConfigurationPlatforms) = postSolution
		{924D044D-3362-40B9-A0CE-B7E9AFF77C98}.Debug|x86.ActiveCfg = Debug|x86
		{924D044D-3362-40B9-A0CE-B7E9AFF77C98}.Debug|x86.Build.0 = Debug|x86
		{924D044D-3362-40B9-A0CE-B7E9AFF77C98}.Release|x86.ActiveCfg = Release|x86
		{924D044D-3362-40B9-A0CE-B7E9AFF77C98}.Release|x86.Build.0 = Release|x86
	EndGlobalSection
	GlobalSection(SolutionProperties) = preSolution
		HideSolutionNode = FALSE
	EndGlobalSection
EndGlobal
